<?xml version="1.0" encoding="utf-8"?>
<Project ToolsVersion="4.0" xmlns="http://schemas.microsoft.com/developer/msbuild/2003">
  <ItemGroup>
    <Filter Include="Source Files">
      <UniqueIdentifier>{4FC737F1-C7A5-4376-A066-2A32D752A2FF}</UniqueIdentifier>
      <Extensions>cpp;c;cc;cxx;def;odl;idl;hpj;bat;asm;asmx</Extensions>
    </Filter>
    <Filter Include="Header Files">
      <UniqueIdentifier>{93995380-89BD-4b04-88EB-625FBE52EBFB}</UniqueIdentifier>
      <Extensions>h;hpp;hxx;hm;inl;inc;xsd</Extensions>
    </Filter>
    <Filter Include="Resource Files">
      <UniqueIdentifier>{67DA6AB6-F800-4c08-8B7A-83BB121AAD01}</UniqueIdentifier>
      <Extensions>rc;ico;cur;bmp;dlg;rc2;rct;bin;rgs;gif;jpg;jpeg;jpe;resx;tiff;tif;png;wav;mfcribbon-ms</Extensions>
    </Filter>
    <Filter Include="Source Files\Array&amp;String">
      <UniqueIdentifier>{6b2dc995-0458-4f05-9ef2-bde0f60f6446}</UniqueIdentifier>
    </Filter>
    <Filter Include="Source Files\Sorting">
      <UniqueIdentifier>{8bb941a7-e45d-4113-aade-904013e16d67}</UniqueIdentifier>
    </Filter>
    <Filter Include="Source Files\Recursion">
      <UniqueIdentifier>{cd446d90-7caf-4291-8f04-682712212dfa}</UniqueIdentifier>
    </Filter>
    <Filter Include="Source Files\Tree">
      <UniqueIdentifier>{9b501d9e-7f17-4fbe-b3ab-814d0bf4f995}</UniqueIdentifier>
    </Filter>
    <Filter Include="Source Files\Cracking">
      <UniqueIdentifier>{d805b3e1-4aac-4d76-aee8-9ab141a733af}</UniqueIdentifier>
    </Filter>
    <Filter Include="Source Files\Exposed">
      <UniqueIdentifier>{01a83fad-9d93-4c17-bb39-94317cf93911}</UniqueIdentifier>
    </Filter>
    <Filter Include="Source Files\Cracking\1">
      <UniqueIdentifier>{c858a8fa-f164-40b6-a2b9-f68d719cb1d6}</UniqueIdentifier>
    </Filter>
    <Filter Include="Source Files\Cracking\2">
      <UniqueIdentifier>{df0842ae-82a5-4328-85da-35e67ce37429}</UniqueIdentifier>
    </Filter>
    <Filter Include="Source Files\Cracking\3">
      <UniqueIdentifier>{99adbcf5-4b49-4480-950f-d13b4edde623}</UniqueIdentifier>
    </Filter>
    <Filter Include="Source Files\Cracking\4">
      <UniqueIdentifier>{b20c77bd-c258-42ba-9ab9-ffc68cd98f4d}</UniqueIdentifier>
    </Filter>
    <Filter Include="Source Files\Cracking\5">
      <UniqueIdentifier>{d468eaba-11ed-4f98-b883-1f6643df51b7}</UniqueIdentifier>
    </Filter>
    <Filter Include="Source Files\Cracking\6">
      <UniqueIdentifier>{834f5067-d940-4003-9f88-cedd37a5fd8b}</UniqueIdentifier>
    </Filter>
    <Filter Include="Source Files\Cracking\7">
      <UniqueIdentifier>{84a12fa8-117c-480c-bb4f-b38b3ce4105c}</UniqueIdentifier>
    </Filter>
    <Filter Include="Source Files\Cracking\8">
      <UniqueIdentifier>{8f33e57a-85d9-4a64-863f-91c8afa94c9a}</UniqueIdentifier>
    </Filter>
    <Filter Include="Source Files\Cracking\9">
      <UniqueIdentifier>{73d1f828-e61a-4788-aea5-dd9901031aaf}</UniqueIdentifier>
    </Filter>
    <Filter Include="Source Files\LinkedList">
      <UniqueIdentifier>{3248d474-ed7f-470e-955e-68b745c21a1b}</UniqueIdentifier>
    </Filter>
    <Filter Include="Source Files\DP">
      <UniqueIdentifier>{3822c737-0e8d-4383-a8ae-5435901d60d4}</UniqueIdentifier>
    </Filter>
    <Filter Include="Source Files\Cracking\9_New">
      <UniqueIdentifier>{ced57cd4-1435-4943-ad8e-53cc097a5f3d}</UniqueIdentifier>
    </Filter>
    <Filter Include="Source Files\Cracking\2_New">
      <UniqueIdentifier>{716a88a4-4407-46de-8fa5-ab6548c8ba76}</UniqueIdentifier>
    </Filter>
    <Filter Include="Source Files\Cracking\3_New">
      <UniqueIdentifier>{e958be8e-850b-4a25-a54a-3d08ee61ca51}</UniqueIdentifier>
    </Filter>
    <Filter Include="Source Files\Cracking\4_New">
      <UniqueIdentifier>{54119765-69eb-40a0-a7d5-3c720ef444b0}</UniqueIdentifier>
    </Filter>
    <Filter Include="Source Files\Cracking\5_New">
      <UniqueIdentifier>{5f6383c9-66d5-4789-9d2b-0a9a10af8fc8}</UniqueIdentifier>
    </Filter>
  </ItemGroup>
  <ItemGroup>
    <ClCompile Include="ConvertIntToString.cpp">
      <Filter>Source Files\Array&amp;String</Filter>
    </ClCompile>
    <ClCompile Include="ConvertStringToInt.cpp">
      <Filter>Source Files\Array&amp;String</Filter>
    </ClCompile>
    <ClCompile Include="FindFirstNoDupChar.cpp">
      <Filter>Source Files\Array&amp;String</Filter>
    </ClCompile>
    <ClCompile Include="RemoveSpecialChar.cpp">
      <Filter>Source Files\Array&amp;String</Filter>
    </ClCompile>
    <ClCompile Include="ReverseWords.cpp">
      <Filter>Source Files\Array&amp;String</Filter>
    </ClCompile>
    <ClCompile Include="MergeSort.cpp">
      <Filter>Source Files\Sorting</Filter>
    </ClCompile>
    <ClCompile Include="QuickSort.cpp">
      <Filter>Source Files\Sorting</Filter>
    </ClCompile>
    <ClCompile Include="StringPermutation.cpp">
      <Filter>Source Files\Recursion</Filter>
    </ClCompile>
    <ClCompile Include="BSTree.cpp">
      <Filter>Source Files\Tree</Filter>
    </ClCompile>
    <ClCompile Include="TreeTest.cpp">
      <Filter>Source Files\Tree</Filter>
    </ClCompile>
    <ClCompile Include="LinkedList_Stack.cpp">
      <Filter>Source Files\Exposed</Filter>
    </ClCompile>
    <ClCompile Include="ReverseWord.cpp">
      <Filter>Source Files\Exposed</Filter>
    </ClCompile>
    <ClCompile Include="StringCombine.cpp">
      <Filter>Source Files\Exposed</Filter>
    </ClCompile>
    <ClCompile Include="TelephoneWords_Recursive.cpp">
      <Filter>Source Files\Exposed</Filter>
    </ClCompile>
    <ClCompile Include="template.cpp">
      <Filter>Source Files</Filter>
    </ClCompile>
    <ClCompile Include="1.1.cpp">
      <Filter>Source Files\Cracking\1</Filter>
    </ClCompile>
    <ClCompile Include="1.2.cpp">
      <Filter>Source Files\Cracking\1</Filter>
    </ClCompile>
    <ClCompile Include="1.3.cpp">
      <Filter>Source Files\Cracking\1</Filter>
    </ClCompile>
    <ClCompile Include="1.4.cpp">
      <Filter>Source Files\Cracking\1</Filter>
    </ClCompile>
    <ClCompile Include="1.5.cpp">
      <Filter>Source Files\Cracking\1</Filter>
    </ClCompile>
    <ClCompile Include="1.6_Cannot solve.cpp">
      <Filter>Source Files\Cracking\1</Filter>
    </ClCompile>
    <ClCompile Include="1.7.cpp">
      <Filter>Source Files\Cracking\1</Filter>
    </ClCompile>
    <ClCompile Include="4.1.cpp">
      <Filter>Source Files\Cracking\4</Filter>
    </ClCompile>
    <ClCompile Include="4.2.cpp">
      <Filter>Source Files\Cracking\4</Filter>
    </ClCompile>
    <ClCompile Include="2.1.cpp">
      <Filter>Source Files\Cracking\2</Filter>
    </ClCompile>
    <ClCompile Include="3.1.cpp">
      <Filter>Source Files\Cracking\3</Filter>
    </ClCompile>
    <ClCompile Include="Queue.cpp">
      <Filter>Source Files\Cracking\3</Filter>
    </ClCompile>
    <ClCompile Include="Stack.cpp">
      <Filter>Source Files\Cracking\3</Filter>
    </ClCompile>
    <ClCompile Include="7.1.cpp">
      <Filter>Source Files\Cracking\7</Filter>
    </ClCompile>
    <ClCompile Include="8.1.cpp">
      <Filter>Source Files\Cracking\8</Filter>
    </ClCompile>
    <ClCompile Include="8.2.cpp">
      <Filter>Source Files\Cracking\8</Filter>
    </ClCompile>
    <ClCompile Include="8.3.cpp">
      <Filter>Source Files\Cracking\8</Filter>
    </ClCompile>
    <ClCompile Include="8.5.cpp">
      <Filter>Source Files\Cracking\8</Filter>
    </ClCompile>
    <ClCompile Include="9.1.cpp">
      <Filter>Source Files\Cracking\9</Filter>
    </ClCompile>
    <ClCompile Include="9.2.cpp">
      <Filter>Source Files\Cracking\9</Filter>
    </ClCompile>
    <ClCompile Include="9.3_Check again.cpp">
      <Filter>Source Files\Cracking\9</Filter>
    </ClCompile>
    <ClCompile Include="9.4.cpp">
      <Filter>Source Files\Cracking\9</Filter>
    </ClCompile>
    <ClCompile Include="9.5_Check again.cpp">
      <Filter>Source Files\Cracking\9</Filter>
    </ClCompile>
    <ClCompile Include="9.6.cpp">
      <Filter>Source Files\Cracking\9</Filter>
    </ClCompile>
    <ClCompile Include="9.7_Cannot solve.cpp">
      <Filter>Source Files\Cracking\9</Filter>
    </ClCompile>
    <ClCompile Include="4.3.cpp">
      <Filter>Source Files\Cracking\4</Filter>
    </ClCompile>
    <ClCompile Include="5.1.cpp">
      <Filter>Source Files\Cracking\5</Filter>
    </ClCompile>
    <ClCompile Include="5.2_later.cpp">
      <Filter>Source Files\Cracking\5</Filter>
    </ClCompile>
    <ClCompile Include="5.cpp">
      <Filter>Source Files\Cracking\5</Filter>
    </ClCompile>
    <ClCompile Include="HeapSort.cpp">
      <Filter>Source Files\Sorting</Filter>
    </ClCompile>
    <ClCompile Include="MaxSum.cpp">
      <Filter>Source Files\DP</Filter>
    </ClCompile>
    <ClCompile Include="Fibo.cpp">
      <Filter>Source Files\Recursion</Filter>
    </ClCompile>
    <ClCompile Include="Fibo_DP.cpp">
      <Filter>Source Files\DP</Filter>
    </ClCompile>
    <ClCompile Include="LongestNonDecreasingSeq.cpp">
      <Filter>Source Files\DP</Filter>
    </ClCompile>
    <ClCompile Include="9.3.new.cpp">
      <Filter>Source Files\Cracking\9_New</Filter>
    </ClCompile>
    <ClCompile Include="9.1.new.cpp">
      <Filter>Source Files\Cracking\9_New</Filter>
    </ClCompile>
    <ClCompile Include="9.2.new.cpp">
      <Filter>Source Files\Cracking\9_New</Filter>
    </ClCompile>
    <ClCompile Include="LinkedList2.cpp">
      <Filter>Source Files\LinkedList</Filter>
    </ClCompile>
    <ClCompile Include="LinkedList_shared_ptr.h">
      <Filter>Source Files\LinkedList</Filter>
    </ClCompile>
    <ClCompile Include="2.2.new.cpp">
      <Filter>Source Files\Cracking\2_New</Filter>
    </ClCompile>
    <ClCompile Include="2.4.new.cpp">
      <Filter>Source Files\Cracking\2_New</Filter>
    </ClCompile>
    <ClCompile Include="2.5.new.cpp">
      <Filter>Source Files\Cracking\2_New</Filter>
    </ClCompile>
    <ClCompile Include="2.6.new.cpp">
      <Filter>Source Files\Cracking\2_New</Filter>
    </ClCompile>
    <ClCompile Include="2.7.new.cpp">
      <Filter>Source Files\Cracking\2_New</Filter>
    </ClCompile>
    <ClCompile Include="3.1.new.cpp">
      <Filter>Source Files\Cracking\3_New</Filter>
    </ClCompile>
    <ClCompile Include="3.2.new.cpp">
      <Filter>Source Files\Cracking\3_New</Filter>
    </ClCompile>
    <ClCompile Include="3.5.new.cpp">
      <Filter>Source Files\Cracking\3_New</Filter>
    </ClCompile>
    <ClCompile Include="3.6.new.cpp">
      <Filter>Source Files\Cracking\3_New</Filter>
    </ClCompile>
    <ClCompile Include="3.7.new.cpp">
      <Filter>Source Files\Cracking\3_New</Filter>
    </ClCompile>
    <ClCompile Include="BinarySearchTree.cpp">
      <Filter>Source Files\Tree</Filter>
    </ClCompile>
    <ClCompile Include="4.1.new.cpp">
      <Filter>Source Files\Cracking\4_New</Filter>
    </ClCompile>
    <ClCompile Include="4.2.new.cpp">
      <Filter>Source Files\Cracking\4_New</Filter>
    </ClCompile>
    <ClCompile Include="4.3.new.cpp">
      <Filter>Source Files\Cracking\4_New</Filter>
    </ClCompile>
    <ClCompile Include="4.4.new.cpp">
      <Filter>Source Files\Cracking\4_New</Filter>
    </ClCompile>
    <ClCompile Include="4.5.new.cpp">
      <Filter>Source Files\Cracking\4_New</Filter>
    </ClCompile>
    <ClCompile Include="4.6.new.cpp">
      <Filter>Source Files\Cracking\4_New</Filter>
    </ClCompile>
    <ClCompile Include="4.7.new.cpp">
      <Filter>Source Files\Cracking\4_New</Filter>
    </ClCompile>
    <ClCompile Include="4.8.new.cpp">
      <Filter>Source Files\Cracking\4_New</Filter>
    </ClCompile>
    <ClCompile Include="4.9.new.cpp">
      <Filter>Source Files\Cracking\4_New</Filter>
    </ClCompile>
    <ClCompile Include="5.1.new.cpp">
      <Filter>Source Files\Cracking\5_New</Filter>
    </ClCompile>
    <ClCompile Include="5.2.new.cpp">
      <Filter>Source Files\Cracking\5_New</Filter>
    </ClCompile>
  </ItemGroup>
  <ItemGroup>
    <ClInclude Include="Header.h">
      <Filter>Header Files</Filter>
    </ClInclude>
    <ClInclude Include="BSTree.h">
      <Filter>Source Files\Tree</Filter>
    </ClInclude>
    <ClInclude Include="LinkedList.h">
      <Filter>Source Files\LinkedList</Filter>
    </ClInclude>
    <ClInclude Include="Stack_LinkedList.h">
      <Filter>Source Files\Cracking\3_New</Filter>
    </ClInclude>
  </ItemGroup>
</Project>